{
  "name": "clawdbot-launcher",
  "version": "1.0.0",
  "lockfileVersion": 3,
  "requires": true,
  "packages": {
    "": {
      "name": "clawdbot-launcher",
      "version": "1.0.0",
      "license": "MIT",
      "dependencies": {
        "@upstash/box": "^0.1.0",
        "unicode-animations": "^1.0.3"
      }
    },
    "node_modules/@upstash/box": {
      "version": "0.1.36",
      "resolved": "https://registry.npmjs.org/@upstash/box/-/box-0.1.36.tgz",
      "integrity": "sha512-hFin+SFLGA2JA6z1+eMS3wehDzUrk98IcEXN5HjejISx/5i17ZESMZsAZhmXgI/uvP3euYzwytYB/fGk4vRIUQ==",
      "license": "MIT",
      "dependencies": {
        "zod-to-json-schema": "^3.25.1"
      },
      "engines": {
        "node": ">=18.0.0"
      },
      "peerDependencies": {
        "zod": "^3.25.0 || ^4.0.0"
      }
    },
    "node_modules/unicode-animations": {
      "version": "1.0.3",
      "resolved": "https://registry.npmjs.org/unicode-animations/-/unicode-animations-1.0.3.tgz",
      "integrity": "sha512-+klB2oWwcYZjYWhwP4Pr8UZffWDFVx6jKeIahE6z0QYyM2dwDeDPyn5nevCYbyotxvtT9lh21cVURO1RX0+YMg==",
      "hasInstallScript": true,
      "license": "MIT",
      "dependencies": {
        "unicode-animations": "^1.0.1"
      },
      "bin": {
        "unicode-animations": "scripts/demo.cjs"
      }
    },
    "node_modules/zod": {
      "version": "4.4.3",
      "resolved": "https://registry.npmjs.org/zod/-/zod-4.4.3.tgz",
      "integrity": "sha512-ytENFjIJFl2UwYglde2jchW2Hwm4GJFLDiSXWdTrJQBIN9Fcyp7n4DhxJEiWNAJMV1/BqWfW/kkg71UDcHJyTQ==",
      "license": "MIT",
      "peer": true,
      "funding": {
        "url": "https://github.com/sponsors/colinhacks"
      }
    },
    "node_modules/zod-to-json-schema": {
      "version": "3.25.2",
      "resolved": "https://registry.npmjs.org/zod-to-json-schema/-/zod-to-json-schema-3.25.2.tgz",
      "integrity": "sha512-O/PgfnpT1xKSDeQYSCfRI5Gy3hPf91mKVDuYLUHZJMiDFptvP41MSnWofm8dnCm0256ZNfZIM7DSzuSMAFnjHA==",
      "license": "ISC",
      "peerDependencies": {
        "zod": "^3.25.28 || ^4"
      }
    }
  }
}
